
Microsoft Visual Studio Solution File, Format Version 12.00
# Visual Studio Version 17
VisualStudioVersion = 17.13.35913.81 d17.13
MinimumVisualStudioVersion = 10.0.40219.1
Project("{FAE04EC0-301F-11D3-BF4B-00C04F79EFBC}") = "APBD", "APBD\APBD.csproj", "{7145DC33-F8DA-4607-A0F0-8D72A7943BD6}"
EndProject
Global
	GlobalSection(SolutionConfigurationPlatforms) = preSolution
		Debug|Any CPU = Debug|Any CPU
		Release|Any CPU = Release|Any CPU
	EndGlobalSection
	GlobalSection(ProjectConfigurationPlatforms) = postSolution
		{7145DC33-F8DA-4607-A0F0-8D72A7943BD6}.Debug|Any CPU.ActiveCfg = Debug|Any CPU
		{7145DC33-F8DA-4607-A0F0-8D72A7943BD6}.Debug|Any CPU.Build.0 = Debug|Any CPU
		{7145DC33-F8DA-4607-A0F0-8D72A7943BD6}.Release|Any CPU.ActiveCfg = Release|Any CPU
		{7145DC33-F8DA-4607-A0F0-8D72A7943BD6}.Release|Any CPU.Build.0 = Release|Any CPU
	EndGlobalSection
	GlobalSection(SolutionProperties) = preSolution
		HideSolutionNode = FALSE
	EndGlobalSection
	GlobalSection(ExtensibilityGlobals) = postSolution
		SolutionGuid = {42F7AA3B-0487-48EF-893A-FE55E628C581}
	EndGlobalSection
EndGlobal
